// !$*UTF8*$!
{
	archiveVersion = 1;
	classes = {
	};
	objectVersion = 46;
	objects = {

/* Begin PBXBuildFile section */
		614FFC3D1D411025008E725E /* AppDelegate.swift in Sources */ = {isa = PBXBuildFile; fileRef = 614FFC3C1D411025008E725E /* AppDelegate.swift */; };
		614FFC3F1D411025008E725E /* ViewController.swift in Sources */ = {isa = PBXBuildFile; fileRef = 614FFC3E1D411025008E725E /* ViewController.swift */; };
		614FFC421D411025008E725E /* Main.storyboard in Resources */ = {isa = PBXBuildFile; fileRef = 614FFC401D411025008E725E /* Main.storyboard */; };
		614FFC441D411025008E725E /* Assets.xcassets in Resources */ = {isa = PBXBuildFile; fileRef = 614FFC431D411025008E725E /* Assets.xcassets */; };
		614FFC471D411025008E725E /* LaunchScreen.storyboard in Resources */ = {isa = PBXBuildFile; fileRef = 614FFC451D411025008E725E /* LaunchScreen.storyboard */; };
		614FFC511D41135E008E725E /* ImageHeaderView.swift in Sources */ = {isa = PBXBuildFile; fileRef = 614FFC501D41135E008E725E /* ImageHeaderView.swift */; };
		614FFC531D4113ED008E725E /* ParallaxLayout.swift in Sources */ = {isa = PBXBuildFile; fileRef = 614FFC521D4113ED008E725E /* ParallaxLayout.swift */; };
/* End PBXBuildFile section */

/* Begin PBXFileReference section */
		614FFC391D411025008E725E /* ParallaxImageCollectionView.app */ = {isa = PBXFileReference; explicitFileType = wrapper.application; includeInIndex = 0; path = ParallaxImageCollectionView.app; sourceTree = BUILT_PRODUCTS_DIR; };
		614FFC3C1D411025008E725E /* AppDelegate.swift */ = {isa = PBXFileReference; lastKnownFileType = sourcecode.swift; path = AppDelegate.swift; sourceTree = "<group>"; };
		614FFC3E1D411025008E725E /* ViewController.swift */ = {isa = PBXFileReference; lastKnownFileType = sourcecode.swift; path = ViewController.swift; sourceTree = "<group>"; };
		614FFC411D411025008E725E /* Base */ = {isa = PBXFileReference; lastKnownFileType = file.storyboard; name = Base; path = Base.lproj/Main.storyboard; sourceTree = "<group>"; };
		614FFC431D411025008E725E /* Assets.xcassets */ = {isa = PBXFileReference; lastKnownFileType = folder.assetcatalog; path = Assets.xcassets; sourceTree = "<group>"; };
		614FFC461D411025008E725E /* Base */ = {isa = PBXFileReference; lastKnownFileType = file.storyboard; name = Base; path = Base.lproj/LaunchScreen.storyboard; sourceTree = "<group>"; };
		614FFC481D411025008E725E /* Info.plist */ = {isa = PBXFileReference; lastKnownFileType = text.plist.xml; path = Info.plist; sourceTree = "<group>"; };
		614FFC501D41135E008E725E /* ImageHeaderView.swift */ = {isa = PBXFileReference; fileEncoding = 4; lastKnownFileType = sourcecode.swift; path = ImageHeaderView.swift; sourceTree = "<group>"; };
		614FFC521D4113ED008E725E /* ParallaxLayout.swift */ = {isa = PBXFileReference; fileEncoding = 4; lastKnownFileType = sourcecode.swift; path = ParallaxLayout.swift; sourceTree = "<group>"; };
/* End PBXFileReference section */

/* Begin PBXFrameworksBuildPhase section */
		614FFC361D411025008E725E /* Frameworks */ = {
			isa = PBXFrameworksBuildPhase;
			buildActionMask = 2147483647;
			files = (
			);
			runOnlyForDeploymentPostprocessing = 0;
		};
/* End PBXFrameworksBuildPhase section */

/* Begin PBXGroup section */
		614FFC301D411025008E725E = {
			isa = PBXGroup;
			children = (
				614FFC3B1D411025008E725E /* ParallaxImageCollectionView */,
				614FFC3A1D411025008E725E /* Products */,
			);
			sourceTree = "<group>";
		};
		614FFC3A1D411025008E725E /* Products */ = {
			isa = PBXGroup;
			children = (
				614FFC391D411025008E725E /* ParallaxImageCollectionView.app */,
			);
			name = Products;
			sourceTree = "<group>";
		};
		614FFC3B1D411025008E725E /* ParallaxImageCollectionView */ = {
			isa = PBXGroup;
			children = (
				614FFC3C1D411025008E725E /* AppDelegate.swift */,
				614FFC521D4113ED008E725E /* ParallaxLayout.swift */,
				614FFC3E1D411025008E725E /* ViewController.swift */,
				614FFC501D41135E008E725E /* ImageHeaderView.swift */,
				614FFC401D411025008E725E /* Main.storyboard */,
				614FFC431D411025008E725E /* Assets.xcassets */,
				614FFC451D411025008E725E /* LaunchScreen.storyboard */,
				614FFC481D411025008E725E /* Info.plist */,
			);
			path = ParallaxImageCollectionView;
			sourceTree = "<group>";
		};
/* End PBXGroup section */

/* Begin PBXNativeTarget section */
		614FFC381D411025008E725E /* ParallaxImageCollectionView */ = {
			isa = PBXNativeTarget;
			buildConfigurationList = 614FFC4B1D411025008E725E /* Build configuration list for PBXNativeTarget "ParallaxImageCollectionView" */;
			buildPhases = (
				614FFC351D411025008E725E /* Sources */,
				614FFC361D411025008E725E /* Frameworks */,
				614FFC371D411025008E725E /* Resources */,
			);
			buildRules = (
			);
			dependencies = (
			);
			name = ParallaxImageCollectionView;
			productName = ParallaxImageCollectionView;
			productReference = 614FFC391D411025008E725E /* ParallaxImageCollectionView.app */;
			productType = "com.apple.product-type.application";
		};
/* End PBXNativeTarget section */

/* Begin PBXProject section */
		614FFC311D411025008E725E /* Project object */ = {
			isa = PBXProject;
			attributes = {
				LastSwiftUpdateCheck = 0730;
				LastUpgradeCheck = 0730;
				ORGANIZATIONNAME = MrCieong;
				TargetAttributes = {
					614FFC381D411025008E725E = {
						CreatedOnToolsVersion = 7.3.1;
						DevelopmentTeam = A2TBQ3C2HW;
					};
				};
			};
			buildConfigurationList = 614FFC341D411025008E725E /* Build configuration list for PBXProject "ParallaxImageCollectionView" */;
			compatibilityVersion = "Xcode 3.2";
			developmentRegion = English;
			hasScannedForEncodings = 0;
			knownRegions = (
				en,
				Base,
			);
			mainGroup = 614FFC301D411025008E725E;
			productRefGroup = 614FFC3A1D411025008E725E /* Products */;
			projectDirPath = "";
			projectRoot = "";
			targets = (
				614FFC381D411025008E725E /* ParallaxImageCollectionView */,
			);
		};
/* End PBXProject section */

/* Begin PBXResourcesBuildPhase section */
		614FFC371D411025008E725E /* Resources */ = {
			isa = PBXResourcesBuildPhase;
			buildActionMask = 2147483647;
			files = (
				614FFC471D411025008E725E /* LaunchScreen.storyboard in Resources */,
				614FFC441D411025008E725E /* Assets.xcassets in Resources */,
				614FFC421D411025008E725E /* Main.storyboard in Resources */,
			);
			runOnlyForDeploymentPostprocessing = 0;
		};
/* End PBXResourcesBuildPhase section */

/* Begin PBXSourcesBuildPhase section */
		614FFC351D411025008E725E /* Sources */ = {
			isa = PBXSourcesBuildPhase;
			buildActionMask = 2147483647;
			files = (
				614FFC511D41135E008E725E /* ImageHeaderView.swift in Sources */,
				614FFC3F1D411025008E725E /* ViewController.swift in Sources */,
				614FFC531D4113ED008E725E /* ParallaxLayout.swift in Sources */,
				614FFC3D1D411025008E725E /* AppDelegate.swift in Sources */,
			);
			runOnlyForDeploymentPostprocessing = 0;
		};
/* End PBXSourcesBuildPhase section */

/* Begin PBXVariantGroup section */
		614FFC401D411025008E725E /* Main.storyboard */ = {
			isa = PBXVariantGroup;
			children = (
				614FFC411D411025008E725E /* Base */,
			);
			name = Main.storyboard;
			sourceTree = "<group>";
		};
		614FFC451D411025008E725E /* LaunchScreen.storyboard */ = {
			isa = PBXVariantGroup;
			children = (
				614FFC461D411025008E725E /* Base */,
			);
			name = LaunchScreen.storyboard;
			sourceTree = "<group>";
		};
/* End PBXVariantGroup section */

/* Begin XCBuildConfiguration section */
		614FFC491D411025008E725E /* Debug */ = {
			isa = XCBuildConfiguration;
			buildSettings = {
				ALWAYS_SEARCH_USER_PATHS = NO;
				CLANG_ANALYZER_NONNULL = YES;
				CLANG_CXX_LANGUAGE_STANDARD = "gnu++0x";
				CLANG_CXX_LIBRARY = "libc++";
				CLANG_ENABLE_MODULES = YES;
				CLANG_ENABLE_OBJC_ARC = YES;
				CLANG_WARN_BOOL_CONVERSION = YES;
				CLANG_WARN_CONSTANT_CONVERSION = YES;
				CLANG_WARN_DIRECT_OBJC_ISA_USAGE = YES_ERROR;
				CLANG_WARN_EMPTY_BODY = YES;
				CLANG_WARN_ENUM_CONVERSION = YES;
				CLANG_WARN_INT_CONVERSION = YES;
				CLANG_WARN_OBJC_ROOT_CLASS = YES_ERROR;
				CLANG_WARN_UNREACHABLE_CODE = YES;
				CLANG_WARN__DUPLICATE_METHOD_MATCH = YES;
				"CODE_SIGN_IDENTITY[sdk=iphoneos*]" = "iPhone Developer";
				COPY_PHASE_STRIP = NO;
				DEBUG_INFORMATION_FORMAT = dwarf;
				ENABLE_STRICT_OBJC_MSGSEND = YES;
				ENABLE_TESTABILITY = YES;
				GCC_C_LANGUAGE_STANDARD = gnu99;
				GCC_DYNAMIC_NO_PIC = NO;
				GCC_NO_COMMON_BLOCKS = YES;
				GCC_OPTIMIZATION_LEVEL = 0;
				GCC_PREPROCESSOR_DEFINITIONS = (
					"DEBUG=1",
					"$(inherited)",
				);
				GCC_WARN_64_TO_32_BIT_CONVERSION = YES;
				GCC_WARN_ABOUT_RETURN_TYPE = YES_ERROR;
				GCC_WARN_UNDECLARED_SELECTOR = YES;
				GCC_WARN_UNINITIALIZED_AUTOS = YES_AGGRESSIVE;
				GCC_WARN_UNUSED_FUNCTION = YES;
				GCC_WARN_UNUSED_VARIABLE = YES;
				IPHONEOS_DEPLOYMENT_TARGET = 9.3;
				MTL_ENABLE_DEBUG_INFO = YES;
				ONLY_ACTIVE_ARCH = YES;
				SDKROOT = iphoneos;
				SWIFT_OPTIMIZATION_LEVEL = "-Onone";
			};
			name = Debug;
		};
		614FFC4A1D411025008E725E /* Release */ = {
			isa = XCBuildConfiguration;
			buildSettings = {
				ALWAYS_SEARCH_USER_PATHS = NO;
				CLANG_ANALYZER_NONNULL = YES;
				CLANG_CXX_LANGUAGE_STANDARD = "gnu++0x";
				CLANG_CXX_LIBRARY = "libc++";
				CLANG_ENABLE_MODULES = YES;
				CLANG_ENABLE_OBJC_ARC = YES;
				CLANG_WARN_BOOL_CONVERSION = YES;
				CLANG_WARN_CONSTANT_CONVERSION = YES;
				CLANG_WARN_DIRECT_OBJC_ISA_USAGE = YES_ERROR;
				CLANG_WARN_EMPTY_BODY = YES;
				CLANG_WARN_ENUM_CONVERSION = YES;
				CLANG_WARN_INT_CONVERSION = YES;
				CLANG_WARN_OBJC_ROOT_CLASS = YES_ERROR;
				CLANG_WARN_UNREACHABLE_CODE = YES;
				CLANG_WARN__DUPLICATE_METHOD_MATCH = YES;
				"CODE_SIGN_IDENTITY[sdk=iphoneos*]" = "iPhone Developer";
				COPY_PHASE_STRIP = NO;
				DEBUG_INFORMATION_FORMAT = "dwarf-with-dsym";
				ENABLE_NS_ASSERTIONS = NO;
				ENABLE_STRICT_OBJC_MSGSEND = YES;
				GCC_C_LANGUAGE_STANDARD = gnu99;
				GCC_NO_COMMON_BLOCKS = YES;
				GCC_WARN_64_TO_32_BIT_CONVERSION = YES;
				GCC_WARN_ABOUT_RETURN_TYPE = YES_ERROR;
				GCC_WARN_UNDECLARED_SELECTOR = YES;
				GCC_WARN_UNINITIALIZED_AUTOS = YES_AGGRESSIVE;
				GCC_WARN_UNUSED_FUNCTION = YES;
				GCC_WARN_UNUSED_VARIABLE = YES;
				IPHONEOS_DEPLOYMENT_TARGET = 9.3;
				MTL_ENABLE_DEBUG_INFO = NO;
				SDKROOT = iphoneos;
				VALIDATE_PRODUCT = YES;
			};
			name = Release;
		};
		614FFC4C1D411025008E725E /* Debug */ = {
			isa = XCBuildConfiguration;
			buildSettings = {
				ASSETCATALOG_COMPILER_APPICON_NAME = AppIcon;
				INFOPLIST_FILE = ParallaxImageCollectionView/Info.plist;
				LD_RUNPATH_SEARCH_PATHS = "$(inherited) @executable_path/Frameworks";
				PRODUCT_BUNDLE_IDENTIFIER = io.github.MrCieong.ParallaxImageCollectionView;
				PRODUCT_NAME = "$(TARGET_NAME)";
			};
			name = Debug;
		};
		614FFC4D1D411025008E725E /* Release */ = {
			isa = XCBuildConfiguration;
			buildSettings = {
				ASSETCATALOG_COMPILER_APPICON_NAME = AppIcon;
				INFOPLIST_FILE = ParallaxImageCollectionView/Info.plist;
				LD_RUNPATH_SEARCH_PATHS = "$(inherited) @executable_path/Frameworks";
				PRODUCT_BUNDLE_IDENTIFIER = io.github.MrCieong.ParallaxImageCollectionView;
				PRODUCT_NAME = "$(TARGET_NAME)";
			};
			name = Release;
		};
/* End XCBuildConfiguration section */

/* Begin XCConfigurationList section */
		614FFC341D411025008E725E /* Build configuration list for PBXProject "ParallaxImageCollectionView" */ = {
			isa = XCConfigurationList;
			buildConfigurations = (
				614FFC491D411025008E725E /* Debug */,
				614FFC4A1D411025008E725E /* Release */,
			);
			defaultConfigurationIsVisible = 0;
			defaultConfigurationName = Release;
		};
		614FFC4B1D411025008E725E /* Build configuration list for PBXNativeTarget "ParallaxImageCollectionView" */ = {
			isa = XCConfigurationList;
			buildConfigurations = (
				614FFC4C1D411025008E725E /* Debug */,
				614FFC4D1D411025008E725E /* Release */,
			);
			defaultConfigurationIsVisible = 0;
		};
/* End XCConfigurationList section */
	};
	rootObject = 614FFC311D411025008E725E /* Project object */;
}
