// !$*UTF8*$!
{
	archiveVersion = 1;
	classes = {
	};
	objectVersion = 46;
	objects = {

/* Begin PBXBuildFile section */
		61A7A8EF1D2AB5C0003A3859 /* AppDelegate.swift in Sources */ = {isa = PBXBuildFile; fileRef = 61A7A8EE1D2AB5C0003A3859 /* AppDelegate.swift */; };
		61A7A8F11D2AB5C0003A3859 /* ViewController.swift in Sources */ = {isa = PBXBuildFile; fileRef = 61A7A8F01D2AB5C0003A3859 /* ViewController.swift */; };
		61A7A8F41D2AB5C0003A3859 /* Main.storyboard in Resources */ = {isa = PBXBuildFile; fileRef = 61A7A8F21D2AB5C0003A3859 /* Main.storyboard */; };
		61A7A8F61D2AB5C0003A3859 /* Assets.xcassets in Resources */ = {isa = PBXBuildFile; fileRef = 61A7A8F51D2AB5C0003A3859 /* Assets.xcassets */; };
		61A7A8F91D2AB5C0003A3859 /* LaunchScreen.storyboard in Resources */ = {isa = PBXBuildFile; fileRef = 61A7A8F71D2AB5C0003A3859 /* LaunchScreen.storyboard */; };
/* End PBXBuildFile section */

/* Begin PBXFileReference section */
		61A7A8EB1D2AB5C0003A3859 /* Jumpbar.app */ = {isa = PBXFileReference; explicitFileType = wrapper.application; includeInIndex = 0; path = Jumpbar.app; sourceTree = BUILT_PRODUCTS_DIR; };
		61A7A8EE1D2AB5C0003A3859 /* AppDelegate.swift */ = {isa = PBXFileReference; lastKnownFileType = sourcecode.swift; path = AppDelegate.swift; sourceTree = "<group>"; };
		61A7A8F01D2AB5C0003A3859 /* ViewController.swift */ = {isa = PBXFileReference; lastKnownFileType = sourcecode.swift; path = ViewController.swift; sourceTree = "<group>"; };
		61A7A8F31D2AB5C0003A3859 /* Base */ = {isa = PBXFileReference; lastKnownFileType = file.storyboard; name = Base; path = Base.lproj/Main.storyboard; sourceTree = "<group>"; };
		61A7A8F51D2AB5C0003A3859 /* Assets.xcassets */ = {isa = PBXFileReference; lastKnownFileType = folder.assetcatalog; path = Assets.xcassets; sourceTree = "<group>"; };
		61A7A8F81D2AB5C0003A3859 /* Base */ = {isa = PBXFileReference; lastKnownFileType = file.storyboard; name = Base; path = Base.lproj/LaunchScreen.storyboard; sourceTree = "<group>"; };
		61A7A8FA1D2AB5C0003A3859 /* Info.plist */ = {isa = PBXFileReference; lastKnownFileType = text.plist.xml; path = Info.plist; sourceTree = "<group>"; };
/* End PBXFileReference section */

/* Begin PBXFrameworksBuildPhase section */
		61A7A8E81D2AB5C0003A3859 /* Frameworks */ = {
			isa = PBXFrameworksBuildPhase;
			buildActionMask = 2147483647;
			files = (
			);
			runOnlyForDeploymentPostprocessing = 0;
		};
/* End PBXFrameworksBuildPhase section */

/* Begin PBXGroup section */
		61A7A8E21D2AB5C0003A3859 = {
			isa = PBXGroup;
			children = (
				61A7A8ED1D2AB5C0003A3859 /* Jumpbar */,
				61A7A8EC1D2AB5C0003A3859 /* Products */,
			);
			sourceTree = "<group>";
		};
		61A7A8EC1D2AB5C0003A3859 /* Products */ = {
			isa = PBXGroup;
			children = (
				61A7A8EB1D2AB5C0003A3859 /* Jumpbar.app */,
			);
			name = Products;
			sourceTree = "<group>";
		};
		61A7A8ED1D2AB5C0003A3859 /* Jumpbar */ = {
			isa = PBXGroup;
			children = (
				61A7A8EE1D2AB5C0003A3859 /* AppDelegate.swift */,
				61A7A8F01D2AB5C0003A3859 /* ViewController.swift */,
				61A7A8F21D2AB5C0003A3859 /* Main.storyboard */,
				61A7A8F51D2AB5C0003A3859 /* Assets.xcassets */,
				61A7A8F71D2AB5C0003A3859 /* LaunchScreen.storyboard */,
				61A7A8FA1D2AB5C0003A3859 /* Info.plist */,
			);
			path = Jumpbar;
			sourceTree = "<group>";
		};
/* End PBXGroup section */

/* Begin PBXNativeTarget section */
		61A7A8EA1D2AB5C0003A3859 /* Jumpbar */ = {
			isa = PBXNativeTarget;
			buildConfigurationList = 61A7A8FD1D2AB5C0003A3859 /* Build configuration list for PBXNativeTarget "Jumpbar" */;
			buildPhases = (
				61A7A8E71D2AB5C0003A3859 /* Sources */,
				61A7A8E81D2AB5C0003A3859 /* Frameworks */,
				61A7A8E91D2AB5C0003A3859 /* Resources */,
			);
			buildRules = (
			);
			dependencies = (
			);
			name = Jumpbar;
			productName = Jumpbar;
			productReference = 61A7A8EB1D2AB5C0003A3859 /* Jumpbar.app */;
			productType = "com.apple.product-type.application";
		};
/* End PBXNativeTarget section */

/* Begin PBXProject section */
		61A7A8E31D2AB5C0003A3859 /* Project object */ = {
			isa = PBXProject;
			attributes = {
				LastSwiftUpdateCheck = 0730;
				LastUpgradeCheck = 0730;
				ORGANIZATIONNAME = MrCieong;
				TargetAttributes = {
					61A7A8EA1D2AB5C0003A3859 = {
						CreatedOnToolsVersion = 7.3.1;
						DevelopmentTeam = A2TBQ3C2HW;
					};
				};
			};
			buildConfigurationList = 61A7A8E61D2AB5C0003A3859 /* Build configuration list for PBXProject "Jumpbar" */;
			compatibilityVersion = "Xcode 3.2";
			developmentRegion = English;
			hasScannedForEncodings = 0;
			knownRegions = (
				en,
				Base,
			);
			mainGroup = 61A7A8E21D2AB5C0003A3859;
			productRefGroup = 61A7A8EC1D2AB5C0003A3859 /* Products */;
			projectDirPath = "";
			projectRoot = "";
			targets = (
				61A7A8EA1D2AB5C0003A3859 /* Jumpbar */,
			);
		};
/* End PBXProject section */

/* Begin PBXResourcesBuildPhase section */
		61A7A8E91D2AB5C0003A3859 /* Resources */ = {
			isa = PBXResourcesBuildPhase;
			buildActionMask = 2147483647;
			files = (
				61A7A8F91D2AB5C0003A3859 /* LaunchScreen.storyboard in Resources */,
				61A7A8F61D2AB5C0003A3859 /* Assets.xcassets in Resources */,
				61A7A8F41D2AB5C0003A3859 /* Main.storyboard in Resources */,
			);
			runOnlyForDeploymentPostprocessing = 0;
		};
/* End PBXResourcesBuildPhase section */

/* Begin PBXSourcesBuildPhase section */
		61A7A8E71D2AB5C0003A3859 /* Sources */ = {
			isa = PBXSourcesBuildPhase;
			buildActionMask = 2147483647;
			files = (
				61A7A8F11D2AB5C0003A3859 /* ViewController.swift in Sources */,
				61A7A8EF1D2AB5C0003A3859 /* AppDelegate.swift in Sources */,
			);
			runOnlyForDeploymentPostprocessing = 0;
		};
/* End PBXSourcesBuildPhase section */

/* Begin PBXVariantGroup section */
		61A7A8F21D2AB5C0003A3859 /* Main.storyboard */ = {
			isa = PBXVariantGroup;
			children = (
				61A7A8F31D2AB5C0003A3859 /* Base */,
			);
			name = Main.storyboard;
			sourceTree = "<group>";
		};
		61A7A8F71D2AB5C0003A3859 /* LaunchScreen.storyboard */ = {
			isa = PBXVariantGroup;
			children = (
				61A7A8F81D2AB5C0003A3859 /* Base */,
			);
			name = LaunchScreen.storyboard;
			sourceTree = "<group>";
		};
/* End PBXVariantGroup section */

/* Begin XCBuildConfiguration section */
		61A7A8FB1D2AB5C0003A3859 /* Debug */ = {
			isa = XCBuildConfiguration;
			buildSettings = {
				ALWAYS_SEARCH_USER_PATHS = NO;
				CLANG_ANALYZER_NONNULL = YES;
				CLANG_CXX_LANGUAGE_STANDARD = "gnu++0x";
				CLANG_CXX_LIBRARY = "libc++";
				CLANG_ENABLE_MODULES = YES;
				CLANG_ENABLE_OBJC_ARC = YES;
				CLANG_WARN_BOOL_CONVERSION = YES;
				CLANG_WARN_CONSTANT_CONVERSION = YES;
				CLANG_WARN_DIRECT_OBJC_ISA_USAGE = YES_ERROR;
				CLANG_WARN_EMPTY_BODY = YES;
				CLANG_WARN_ENUM_CONVERSION = YES;
				CLANG_WARN_INT_CONVERSION = YES;
				CLANG_WARN_OBJC_ROOT_CLASS = YES_ERROR;
				CLANG_WARN_UNREACHABLE_CODE = YES;
				CLANG_WARN__DUPLICATE_METHOD_MATCH = YES;
				"CODE_SIGN_IDENTITY[sdk=iphoneos*]" = "iPhone Developer";
				COPY_PHASE_STRIP = NO;
				DEBUG_INFORMATION_FORMAT = dwarf;
				ENABLE_STRICT_OBJC_MSGSEND = YES;
				ENABLE_TESTABILITY = YES;
				GCC_C_LANGUAGE_STANDARD = gnu99;
				GCC_DYNAMIC_NO_PIC = NO;
				GCC_NO_COMMON_BLOCKS = YES;
				GCC_OPTIMIZATION_LEVEL = 0;
				GCC_PREPROCESSOR_DEFINITIONS = (
					"DEBUG=1",
					"$(inherited)",
				);
				GCC_WARN_64_TO_32_BIT_CONVERSION = YES;
				GCC_WARN_ABOUT_RETURN_TYPE = YES_ERROR;
				GCC_WARN_UNDECLARED_SELECTOR = YES;
				GCC_WARN_UNINITIALIZED_AUTOS = YES_AGGRESSIVE;
				GCC_WARN_UNUSED_FUNCTION = YES;
				GCC_WARN_UNUSED_VARIABLE = YES;
				IPHONEOS_DEPLOYMENT_TARGET = 9.3;
				MTL_ENABLE_DEBUG_INFO = YES;
				ONLY_ACTIVE_ARCH = YES;
				SDKROOT = iphoneos;
				SWIFT_OPTIMIZATION_LEVEL = "-Onone";
			};
			name = Debug;
		};
		61A7A8FC1D2AB5C0003A3859 /* Release */ = {
			isa = XCBuildConfiguration;
			buildSettings = {
				ALWAYS_SEARCH_USER_PATHS = NO;
				CLANG_ANALYZER_NONNULL = YES;
				CLANG_CXX_LANGUAGE_STANDARD = "gnu++0x";
				CLANG_CXX_LIBRARY = "libc++";
				CLANG_ENABLE_MODULES = YES;
				CLANG_ENABLE_OBJC_ARC = YES;
				CLANG_WARN_BOOL_CONVERSION = YES;
				CLANG_WARN_CONSTANT_CONVERSION = YES;
				CLANG_WARN_DIRECT_OBJC_ISA_USAGE = YES_ERROR;
				CLANG_WARN_EMPTY_BODY = YES;
				CLANG_WARN_ENUM_CONVERSION = YES;
				CLANG_WARN_INT_CONVERSION = YES;
				CLANG_WARN_OBJC_ROOT_CLASS = YES_ERROR;
				CLANG_WARN_UNREACHABLE_CODE = YES;
				CLANG_WARN__DUPLICATE_METHOD_MATCH = YES;
				"CODE_SIGN_IDENTITY[sdk=iphoneos*]" = "iPhone Developer";
				COPY_PHASE_STRIP = NO;
				DEBUG_INFORMATION_FORMAT = "dwarf-with-dsym";
				ENABLE_NS_ASSERTIONS = NO;
				ENABLE_STRICT_OBJC_MSGSEND = YES;
				GCC_C_LANGUAGE_STANDARD = gnu99;
				GCC_NO_COMMON_BLOCKS = YES;
				GCC_WARN_64_TO_32_BIT_CONVERSION = YES;
				GCC_WARN_ABOUT_RETURN_TYPE = YES_ERROR;
				GCC_WARN_UNDECLARED_SELECTOR = YES;
				GCC_WARN_UNINITIALIZED_AUTOS = YES_AGGRESSIVE;
				GCC_WARN_UNUSED_FUNCTION = YES;
				GCC_WARN_UNUSED_VARIABLE = YES;
				IPHONEOS_DEPLOYMENT_TARGET = 9.3;
				MTL_ENABLE_DEBUG_INFO = NO;
				SDKROOT = iphoneos;
				VALIDATE_PRODUCT = YES;
			};
			name = Release;
		};
		61A7A8FE1D2AB5C0003A3859 /* Debug */ = {
			isa = XCBuildConfiguration;
			buildSettings = {
				ASSETCATALOG_COMPILER_APPICON_NAME = AppIcon;
				INFOPLIST_FILE = Jumpbar/Info.plist;
				LD_RUNPATH_SEARCH_PATHS = "$(inherited) @executable_path/Frameworks";
				PRODUCT_BUNDLE_IDENTIFIER = io.github.MrCieong.Jumpbar;
				PRODUCT_NAME = "$(TARGET_NAME)";
			};
			name = Debug;
		};
		61A7A8FF1D2AB5C0003A3859 /* Release */ = {
			isa = XCBuildConfiguration;
			buildSettings = {
				ASSETCATALOG_COMPILER_APPICON_NAME = AppIcon;
				INFOPLIST_FILE = Jumpbar/Info.plist;
				LD_RUNPATH_SEARCH_PATHS = "$(inherited) @executable_path/Frameworks";
				PRODUCT_BUNDLE_IDENTIFIER = io.github.MrCieong.Jumpbar;
				PRODUCT_NAME = "$(TARGET_NAME)";
			};
			name = Release;
		};
/* End XCBuildConfiguration section */

/* Begin XCConfigurationList section */
		61A7A8E61D2AB5C0003A3859 /* Build configuration list for PBXProject "Jumpbar" */ = {
			isa = XCConfigurationList;
			buildConfigurations = (
				61A7A8FB1D2AB5C0003A3859 /* Debug */,
				61A7A8FC1D2AB5C0003A3859 /* Release */,
			);
			defaultConfigurationIsVisible = 0;
			defaultConfigurationName = Release;
		};
		61A7A8FD1D2AB5C0003A3859 /* Build configuration list for PBXNativeTarget "Jumpbar" */ = {
			isa = XCConfigurationList;
			buildConfigurations = (
				61A7A8FE1D2AB5C0003A3859 /* Debug */,
				61A7A8FF1D2AB5C0003A3859 /* Release */,
			);
			defaultConfigurationIsVisible = 0;
		};
/* End XCConfigurationList section */
	};
	rootObject = 61A7A8E31D2AB5C0003A3859 /* Project object */;
}
