// !$*UTF8*$!
{
	archiveVersion = 1;
	classes = {
	};
	objectVersion = 46;
	objects = {

/* Begin PBXBuildFile section */
		615250DD1D352C850025181B /* AppDelegate.swift in Sources */ = {isa = PBXBuildFile; fileRef = 615250DC1D352C850025181B /* AppDelegate.swift */; };
		615250DF1D352C850025181B /* ViewController.swift in Sources */ = {isa = PBXBuildFile; fileRef = 615250DE1D352C850025181B /* ViewController.swift */; };
		615250E21D352C850025181B /* Main.storyboard in Resources */ = {isa = PBXBuildFile; fileRef = 615250E01D352C850025181B /* Main.storyboard */; };
		615250E41D352C850025181B /* Assets.xcassets in Resources */ = {isa = PBXBuildFile; fileRef = 615250E31D352C850025181B /* Assets.xcassets */; };
		615250E71D352C850025181B /* LaunchScreen.storyboard in Resources */ = {isa = PBXBuildFile; fileRef = 615250E51D352C850025181B /* LaunchScreen.storyboard */; };
		615250EF1D352D6D0025181B /* ImageCollectionCell.swift in Sources */ = {isa = PBXBuildFile; fileRef = 615250EE1D352D6D0025181B /* ImageCollectionCell.swift */; };
		615250F11D352EBF0025181B /* Animator.swift in Sources */ = {isa = PBXBuildFile; fileRef = 615250F01D352EBF0025181B /* Animator.swift */; };
		615250F31D35353D0025181B /* ImageViewController.swift in Sources */ = {isa = PBXBuildFile; fileRef = 615250F21D35353D0025181B /* ImageViewController.swift */; };
/* End PBXBuildFile section */

/* Begin PBXFileReference section */
		615250D91D352C850025181B /* CustomTransitions.app */ = {isa = PBXFileReference; explicitFileType = wrapper.application; includeInIndex = 0; path = CustomTransitions.app; sourceTree = BUILT_PRODUCTS_DIR; };
		615250DC1D352C850025181B /* AppDelegate.swift */ = {isa = PBXFileReference; lastKnownFileType = sourcecode.swift; path = AppDelegate.swift; sourceTree = "<group>"; };
		615250DE1D352C850025181B /* ViewController.swift */ = {isa = PBXFileReference; lastKnownFileType = sourcecode.swift; path = ViewController.swift; sourceTree = "<group>"; };
		615250E11D352C850025181B /* Base */ = {isa = PBXFileReference; lastKnownFileType = file.storyboard; name = Base; path = Base.lproj/Main.storyboard; sourceTree = "<group>"; };
		615250E31D352C850025181B /* Assets.xcassets */ = {isa = PBXFileReference; lastKnownFileType = folder.assetcatalog; path = Assets.xcassets; sourceTree = "<group>"; };
		615250E61D352C850025181B /* Base */ = {isa = PBXFileReference; lastKnownFileType = file.storyboard; name = Base; path = Base.lproj/LaunchScreen.storyboard; sourceTree = "<group>"; };
		615250E81D352C850025181B /* Info.plist */ = {isa = PBXFileReference; lastKnownFileType = text.plist.xml; path = Info.plist; sourceTree = "<group>"; };
		615250EE1D352D6D0025181B /* ImageCollectionCell.swift */ = {isa = PBXFileReference; fileEncoding = 4; lastKnownFileType = sourcecode.swift; path = ImageCollectionCell.swift; sourceTree = "<group>"; };
		615250F01D352EBF0025181B /* Animator.swift */ = {isa = PBXFileReference; fileEncoding = 4; lastKnownFileType = sourcecode.swift; path = Animator.swift; sourceTree = "<group>"; };
		615250F21D35353D0025181B /* ImageViewController.swift */ = {isa = PBXFileReference; fileEncoding = 4; lastKnownFileType = sourcecode.swift; path = ImageViewController.swift; sourceTree = "<group>"; };
/* End PBXFileReference section */

/* Begin PBXFrameworksBuildPhase section */
		615250D61D352C850025181B /* Frameworks */ = {
			isa = PBXFrameworksBuildPhase;
			buildActionMask = 2147483647;
			files = (
			);
			runOnlyForDeploymentPostprocessing = 0;
		};
/* End PBXFrameworksBuildPhase section */

/* Begin PBXGroup section */
		615250D01D352C850025181B = {
			isa = PBXGroup;
			children = (
				615250DB1D352C850025181B /* CustomTransitions */,
				615250DA1D352C850025181B /* Products */,
			);
			sourceTree = "<group>";
		};
		615250DA1D352C850025181B /* Products */ = {
			isa = PBXGroup;
			children = (
				615250D91D352C850025181B /* CustomTransitions.app */,
			);
			name = Products;
			sourceTree = "<group>";
		};
		615250DB1D352C850025181B /* CustomTransitions */ = {
			isa = PBXGroup;
			children = (
				615250DC1D352C850025181B /* AppDelegate.swift */,
				615250EE1D352D6D0025181B /* ImageCollectionCell.swift */,
				615250DE1D352C850025181B /* ViewController.swift */,
				615250E01D352C850025181B /* Main.storyboard */,
				615250E31D352C850025181B /* Assets.xcassets */,
				615250E51D352C850025181B /* LaunchScreen.storyboard */,
				615250E81D352C850025181B /* Info.plist */,
				615250F01D352EBF0025181B /* Animator.swift */,
				615250F21D35353D0025181B /* ImageViewController.swift */,
			);
			path = CustomTransitions;
			sourceTree = "<group>";
		};
/* End PBXGroup section */

/* Begin PBXNativeTarget section */
		615250D81D352C850025181B /* CustomTransitions */ = {
			isa = PBXNativeTarget;
			buildConfigurationList = 615250EB1D352C850025181B /* Build configuration list for PBXNativeTarget "CustomTransitions" */;
			buildPhases = (
				615250D51D352C850025181B /* Sources */,
				615250D61D352C850025181B /* Frameworks */,
				615250D71D352C850025181B /* Resources */,
			);
			buildRules = (
			);
			dependencies = (
			);
			name = CustomTransitions;
			productName = CustomTransitions;
			productReference = 615250D91D352C850025181B /* CustomTransitions.app */;
			productType = "com.apple.product-type.application";
		};
/* End PBXNativeTarget section */

/* Begin PBXProject section */
		615250D11D352C850025181B /* Project object */ = {
			isa = PBXProject;
			attributes = {
				LastSwiftUpdateCheck = 0730;
				LastUpgradeCheck = 0730;
				ORGANIZATIONNAME = MrCieong;
				TargetAttributes = {
					615250D81D352C850025181B = {
						CreatedOnToolsVersion = 7.3.1;
						DevelopmentTeam = A2TBQ3C2HW;
					};
				};
			};
			buildConfigurationList = 615250D41D352C850025181B /* Build configuration list for PBXProject "CustomTransitions" */;
			compatibilityVersion = "Xcode 3.2";
			developmentRegion = English;
			hasScannedForEncodings = 0;
			knownRegions = (
				en,
				Base,
			);
			mainGroup = 615250D01D352C850025181B;
			productRefGroup = 615250DA1D352C850025181B /* Products */;
			projectDirPath = "";
			projectRoot = "";
			targets = (
				615250D81D352C850025181B /* CustomTransitions */,
			);
		};
/* End PBXProject section */

/* Begin PBXResourcesBuildPhase section */
		615250D71D352C850025181B /* Resources */ = {
			isa = PBXResourcesBuildPhase;
			buildActionMask = 2147483647;
			files = (
				615250E71D352C850025181B /* LaunchScreen.storyboard in Resources */,
				615250E41D352C850025181B /* Assets.xcassets in Resources */,
				615250E21D352C850025181B /* Main.storyboard in Resources */,
			);
			runOnlyForDeploymentPostprocessing = 0;
		};
/* End PBXResourcesBuildPhase section */

/* Begin PBXSourcesBuildPhase section */
		615250D51D352C850025181B /* Sources */ = {
			isa = PBXSourcesBuildPhase;
			buildActionMask = 2147483647;
			files = (
				615250F11D352EBF0025181B /* Animator.swift in Sources */,
				615250EF1D352D6D0025181B /* ImageCollectionCell.swift in Sources */,
				615250F31D35353D0025181B /* ImageViewController.swift in Sources */,
				615250DF1D352C850025181B /* ViewController.swift in Sources */,
				615250DD1D352C850025181B /* AppDelegate.swift in Sources */,
			);
			runOnlyForDeploymentPostprocessing = 0;
		};
/* End PBXSourcesBuildPhase section */

/* Begin PBXVariantGroup section */
		615250E01D352C850025181B /* Main.storyboard */ = {
			isa = PBXVariantGroup;
			children = (
				615250E11D352C850025181B /* Base */,
			);
			name = Main.storyboard;
			sourceTree = "<group>";
		};
		615250E51D352C850025181B /* LaunchScreen.storyboard */ = {
			isa = PBXVariantGroup;
			children = (
				615250E61D352C850025181B /* Base */,
			);
			name = LaunchScreen.storyboard;
			sourceTree = "<group>";
		};
/* End PBXVariantGroup section */

/* Begin XCBuildConfiguration section */
		615250E91D352C850025181B /* Debug */ = {
			isa = XCBuildConfiguration;
			buildSettings = {
				ALWAYS_SEARCH_USER_PATHS = NO;
				CLANG_ANALYZER_NONNULL = YES;
				CLANG_CXX_LANGUAGE_STANDARD = "gnu++0x";
				CLANG_CXX_LIBRARY = "libc++";
				CLANG_ENABLE_MODULES = YES;
				CLANG_ENABLE_OBJC_ARC = YES;
				CLANG_WARN_BOOL_CONVERSION = YES;
				CLANG_WARN_CONSTANT_CONVERSION = YES;
				CLANG_WARN_DIRECT_OBJC_ISA_USAGE = YES_ERROR;
				CLANG_WARN_EMPTY_BODY = YES;
				CLANG_WARN_ENUM_CONVERSION = YES;
				CLANG_WARN_INT_CONVERSION = YES;
				CLANG_WARN_OBJC_ROOT_CLASS = YES_ERROR;
				CLANG_WARN_UNREACHABLE_CODE = YES;
				CLANG_WARN__DUPLICATE_METHOD_MATCH = YES;
				"CODE_SIGN_IDENTITY[sdk=iphoneos*]" = "iPhone Developer";
				COPY_PHASE_STRIP = NO;
				DEBUG_INFORMATION_FORMAT = dwarf;
				ENABLE_STRICT_OBJC_MSGSEND = YES;
				ENABLE_TESTABILITY = YES;
				GCC_C_LANGUAGE_STANDARD = gnu99;
				GCC_DYNAMIC_NO_PIC = NO;
				GCC_NO_COMMON_BLOCKS = YES;
				GCC_OPTIMIZATION_LEVEL = 0;
				GCC_PREPROCESSOR_DEFINITIONS = (
					"DEBUG=1",
					"$(inherited)",
				);
				GCC_WARN_64_TO_32_BIT_CONVERSION = YES;
				GCC_WARN_ABOUT_RETURN_TYPE = YES_ERROR;
				GCC_WARN_UNDECLARED_SELECTOR = YES;
				GCC_WARN_UNINITIALIZED_AUTOS = YES_AGGRESSIVE;
				GCC_WARN_UNUSED_FUNCTION = YES;
				GCC_WARN_UNUSED_VARIABLE = YES;
				IPHONEOS_DEPLOYMENT_TARGET = 9.3;
				MTL_ENABLE_DEBUG_INFO = YES;
				ONLY_ACTIVE_ARCH = YES;
				SDKROOT = iphoneos;
				SWIFT_OPTIMIZATION_LEVEL = "-Onone";
			};
			name = Debug;
		};
		615250EA1D352C850025181B /* Release */ = {
			isa = XCBuildConfiguration;
			buildSettings = {
				ALWAYS_SEARCH_USER_PATHS = NO;
				CLANG_ANALYZER_NONNULL = YES;
				CLANG_CXX_LANGUAGE_STANDARD = "gnu++0x";
				CLANG_CXX_LIBRARY = "libc++";
				CLANG_ENABLE_MODULES = YES;
				CLANG_ENABLE_OBJC_ARC = YES;
				CLANG_WARN_BOOL_CONVERSION = YES;
				CLANG_WARN_CONSTANT_CONVERSION = YES;
				CLANG_WARN_DIRECT_OBJC_ISA_USAGE = YES_ERROR;
				CLANG_WARN_EMPTY_BODY = YES;
				CLANG_WARN_ENUM_CONVERSION = YES;
				CLANG_WARN_INT_CONVERSION = YES;
				CLANG_WARN_OBJC_ROOT_CLASS = YES_ERROR;
				CLANG_WARN_UNREACHABLE_CODE = YES;
				CLANG_WARN__DUPLICATE_METHOD_MATCH = YES;
				"CODE_SIGN_IDENTITY[sdk=iphoneos*]" = "iPhone Developer";
				COPY_PHASE_STRIP = NO;
				DEBUG_INFORMATION_FORMAT = "dwarf-with-dsym";
				ENABLE_NS_ASSERTIONS = NO;
				ENABLE_STRICT_OBJC_MSGSEND = YES;
				GCC_C_LANGUAGE_STANDARD = gnu99;
				GCC_NO_COMMON_BLOCKS = YES;
				GCC_WARN_64_TO_32_BIT_CONVERSION = YES;
				GCC_WARN_ABOUT_RETURN_TYPE = YES_ERROR;
				GCC_WARN_UNDECLARED_SELECTOR = YES;
				GCC_WARN_UNINITIALIZED_AUTOS = YES_AGGRESSIVE;
				GCC_WARN_UNUSED_FUNCTION = YES;
				GCC_WARN_UNUSED_VARIABLE = YES;
				IPHONEOS_DEPLOYMENT_TARGET = 9.3;
				MTL_ENABLE_DEBUG_INFO = NO;
				SDKROOT = iphoneos;
				VALIDATE_PRODUCT = YES;
			};
			name = Release;
		};
		615250EC1D352C850025181B /* Debug */ = {
			isa = XCBuildConfiguration;
			buildSettings = {
				ASSETCATALOG_COMPILER_APPICON_NAME = AppIcon;
				INFOPLIST_FILE = CustomTransitions/Info.plist;
				LD_RUNPATH_SEARCH_PATHS = "$(inherited) @executable_path/Frameworks";
				PRODUCT_BUNDLE_IDENTIFIER = io.github.MrCieong.CustomTransitions;
				PRODUCT_NAME = "$(TARGET_NAME)";
			};
			name = Debug;
		};
		615250ED1D352C850025181B /* Release */ = {
			isa = XCBuildConfiguration;
			buildSettings = {
				ASSETCATALOG_COMPILER_APPICON_NAME = AppIcon;
				INFOPLIST_FILE = CustomTransitions/Info.plist;
				LD_RUNPATH_SEARCH_PATHS = "$(inherited) @executable_path/Frameworks";
				PRODUCT_BUNDLE_IDENTIFIER = io.github.MrCieong.CustomTransitions;
				PRODUCT_NAME = "$(TARGET_NAME)";
			};
			name = Release;
		};
/* End XCBuildConfiguration section */

/* Begin XCConfigurationList section */
		615250D41D352C850025181B /* Build configuration list for PBXProject "CustomTransitions" */ = {
			isa = XCConfigurationList;
			buildConfigurations = (
				615250E91D352C850025181B /* Debug */,
				615250EA1D352C850025181B /* Release */,
			);
			defaultConfigurationIsVisible = 0;
			defaultConfigurationName = Release;
		};
		615250EB1D352C850025181B /* Build configuration list for PBXNativeTarget "CustomTransitions" */ = {
			isa = XCConfigurationList;
			buildConfigurations = (
				615250EC1D352C850025181B /* Debug */,
				615250ED1D352C850025181B /* Release */,
			);
			defaultConfigurationIsVisible = 0;
		};
/* End XCConfigurationList section */
	};
	rootObject = 615250D11D352C850025181B /* Project object */;
}
